
Microsoft Visual Studio Solution File, Format Version 12.00
# Visual Studio Version 16
VisualStudioVersion = 16.0.31105.61
MinimumVisualStudioVersion = 10.0.40219.1
Project("{FAE04EC0-301F-11D3-BF4B-00C04F79EFBC}") = "TreevIEW", "TreevIEW.csproj", "{F5617A70-868F-4DB4-9B3F-7ACC7E108D3F}"
EndProject
Global
	GlobalSection(SolutionConfigurationPlatforms) = preSolution
		Debug|Any CPU = Debug|Any CPU
		Release|Any CPU = Release|Any CPU
	EndGlobalSection
	GlobalSection(ProjectConfigurationPlatforms) = postSolution
		{F5617A70-868F-4DB4-9B3F-7ACC7E108D3F}.Debug|Any CPU.ActiveCfg = Debug|Any CPU
		{F5617A70-868F-4DB4-9B3F-7ACC7E108D3F}.Debug|Any CPU.Build.0 = Debug|Any CPU
		{F5617A70-868F-4DB4-9B3F-7ACC7E108D3F}.Release|Any CPU.ActiveCfg = Release|Any CPU
		{F5617A70-868F-4DB4-9B3F-7ACC7E108D3F}.Release|Any CPU.Build.0 = Release|Any CPU
	EndGlobalSection
	GlobalSection(SolutionProperties) = preSolution
		HideSolutionNode = FALSE
	EndGlobalSection
	GlobalSection(ExtensibilityGlobals) = postSolution
		SolutionGuid = {C4A6A10B-6240-4147-BABE-32E35E04664C}
	EndGlobalSection
EndGlobal
